
Microsoft Visual Studio Solution File, Format Version 12.00
# Visual Studio Version 17
VisualStudioVersion = 17.13.35931.197
MinimumVisualStudioVersion = 10.0.40219.1
Project("{8BC9CEB8-8B4A-11D0-8D11-00A0C91BC942}") = "Algorithm", "Algorithm.vcxproj", "{C050FFDF-B8C0-45B6-8FD6-EE976EC21025}"
EndProject
Project("{8BC9CEB8-8B4A-11D0-8D11-00A0C91BC942}") = "Class1th (Time Complexity & Space Complexity)", "Class1th (Time Complexity & Space Complexity)\Class1th (Time Complexity & Space Complexity).vcxproj", "{12FF21A8-94C7-41BA-8C24-00808B2B61D9}"
EndProject
Project("{8BC9CEB8-8B4A-11D0-8D11-00A0C91BC942}") = "Class2th(Brute Force)", "Class2th(Brute Force)\Class2th(Brute Force).vcxproj", "{FEDC27F0-7F36-47D9-95E2-DE41E0B33E3A}"
EndProject
Project("{8BC9CEB8-8B4A-11D0-8D11-00A0C91BC942}") = "Class3th(Bubble Sort)", "Class3th(Bubble Sort)\Class3th(Bubble Sort).vcxproj", "{CB56D802-03A3-4B49-98C1-32245C796C10}"
EndProject
Project("{8BC9CEB8-8B4A-11D0-8D11-00A0C91BC942}") = "Class4th (Select Sort)", "Class4th (Select Sort)\Class4th (Select Sort).vcxproj", "{C443F812-1A82-4FB5-ADEC-7676C928317B}"
EndProject
Project("{8BC9CEB8-8B4A-11D0-8D11-00A0C91BC942}") = "Class5th(Insert Sort)", "Class5th(Insert Sort)\Class5th(Insert Sort).vcxproj", "{07F4AEF4-E1F6-4DA2-BD92-355F2EF0D507}"
EndProject
Project("{8BC9CEB8-8B4A-11D0-8D11-00A0C91BC942}") = "Class6th(Euclildean)", "Class6th(Euclildean)\Class6th(Euclildean).vcxproj", "{A8FEA3C5-E23F-447B-BE4F-457A702691D1}"
EndProject
Project("{8BC9CEB8-8B4A-11D0-8D11-00A0C91BC942}") = "Class7th (Sieve of Eratosthenes)", "Class7th (Sieve of Eratosthenes)\Class7th (Sieve of Eratosthenes).vcxproj", "{5E46827D-3900-4339-AE37-7E0FA7B918CC}"
EndProject
Project("{8BC9CEB8-8B4A-11D0-8D11-00A0C91BC942}") = "Class8th(Divide and Conquer)", "Class8th(Divide and Conquer)\Class8th(Divide and Conquer).vcxproj", "{C0F2EADF-FD55-4F79-8E13-7676775A93B7}"
EndProject
Project("{8BC9CEB8-8B4A-11D0-8D11-00A0C91BC942}") = "Class9th (Binary Search)", "Class9th (Binary Search)\Class9th (Binary Search).vcxproj", "{A0F9FC9A-01BB-4514-AC46-ECE4BEFCE037}"
EndProject
Project("{8BC9CEB8-8B4A-11D0-8D11-00A0C91BC942}") = "Class 10th(Count Sort)", "Class 10th(Count Sort)\Class 10th(Count Sort).vcxproj", "{266D1407-88B9-4346-92B4-B975AEB77281}"
EndProject
Project("{8BC9CEB8-8B4A-11D0-8D11-00A0C91BC942}") = "Class11th (Quick Sort)", "Class11th (Quick Sort)\Class11th (Quick Sort).vcxproj", "{0926E039-1A3A-4770-8AF7-E6515C14E845}"
EndProject
Global
	GlobalSection(SolutionConfigurationPlatforms) = preSolution
		Debug|x64 = Debug|x64
		Debug|x86 = Debug|x86
		Release|x64 = Release|x64
		Release|x86 = Release|x86
	EndGlobalSection
	GlobalSection(ProjectConfigurationPlatforms) = postSolution
		{C050FFDF-B8C0-45B6-8FD6-EE976EC21025}.Debug|x64.ActiveCfg = Debug|x64
		{C050FFDF-B8C0-45B6-8FD6-EE976EC21025}.Debug|x64.Build.0 = Debug|x64
		{C050FFDF-B8C0-45B6-8FD6-EE976EC21025}.Debug|x86.ActiveCfg = Debug|Win32
		{C050FFDF-B8C0-45B6-8FD6-EE976EC21025}.Debug|x86.Build.0 = Debug|Win32
		{C050FFDF-B8C0-45B6-8FD6-EE976EC21025}.Release|x64.ActiveCfg = Release|x64
		{C050FFDF-B8C0-45B6-8FD6-EE976EC21025}.Release|x64.Build.0 = Release|x64
		{C050FFDF-B8C0-45B6-8FD6-EE976EC21025}.Release|x86.ActiveCfg = Release|Win32
		{C050FFDF-B8C0-45B6-8FD6-EE976EC21025}.Release|x86.Build.0 = Release|Win32
		{12FF21A8-94C7-41BA-8C24-00808B2B61D9}.Debug|x64.ActiveCfg = Debug|x64
		{12FF21A8-94C7-41BA-8C24-00808B2B61D9}.Debug|x64.Build.0 = Debug|x64
		{12FF21A8-94C7-41BA-8C24-00808B2B61D9}.Debug|x86.ActiveCfg = Debug|Win32
		{12FF21A8-94C7-41BA-8C24-00808B2B61D9}.Debug|x86.Build.0 = Debug|Win32
		{12FF21A8-94C7-41BA-8C24-00808B2B61D9}.Release|x64.ActiveCfg = Release|x64
		{12FF21A8-94C7-41BA-8C24-00808B2B61D9}.Release|x64.Build.0 = Release|x64
		{12FF21A8-94C7-41BA-8C24-00808B2B61D9}.Release|x86.ActiveCfg = Release|Win32
		{12FF21A8-94C7-41BA-8C24-00808B2B61D9}.Release|x86.Build.0 = Release|Win32
		{FEDC27F0-7F36-47D9-95E2-DE41E0B33E3A}.Debug|x64.ActiveCfg = Debug|x64
		{FEDC27F0-7F36-47D9-95E2-DE41E0B33E3A}.Debug|x64.Build.0 = Debug|x64
		{FEDC27F0-7F36-47D9-95E2-DE41E0B33E3A}.Debug|x86.ActiveCfg = Debug|Win32
		{FEDC27F0-7F36-47D9-95E2-DE41E0B33E3A}.Debug|x86.Build.0 = Debug|Win32
		{FEDC27F0-7F36-47D9-95E2-DE41E0B33E3A}.Release|x64.ActiveCfg = Release|x64
		{FEDC27F0-7F36-47D9-95E2-DE41E0B33E3A}.Release|x64.Build.0 = Release|x64
		{FEDC27F0-7F36-47D9-95E2-DE41E0B33E3A}.Release|x86.ActiveCfg = Release|Win32
		{FEDC27F0-7F36-47D9-95E2-DE41E0B33E3A}.Release|x86.Build.0 = Release|Win32
		{CB56D802-03A3-4B49-98C1-32245C796C10}.Debug|x64.ActiveCfg = Debug|x64
		{CB56D802-03A3-4B49-98C1-32245C796C10}.Debug|x64.Build.0 = Debug|x64
		{CB56D802-03A3-4B49-98C1-32245C796C10}.Debug|x86.ActiveCfg = Debug|Win32
		{CB56D802-03A3-4B49-98C1-32245C796C10}.Debug|x86.Build.0 = Debug|Win32
		{CB56D802-03A3-4B49-98C1-32245C796C10}.Release|x64.ActiveCfg = Release|x64
		{CB56D802-03A3-4B49-98C1-32245C796C10}.Release|x64.Build.0 = Release|x64
		{CB56D802-03A3-4B49-98C1-32245C796C10}.Release|x86.ActiveCfg = Release|Win32
		{CB56D802-03A3-4B49-98C1-32245C796C10}.Release|x86.Build.0 = Release|Win32
		{C443F812-1A82-4FB5-ADEC-7676C928317B}.Debug|x64.ActiveCfg = Debug|x64
		{C443F812-1A82-4FB5-ADEC-7676C928317B}.Debug|x64.Build.0 = Debug|x64
		{C443F812-1A82-4FB5-ADEC-7676C928317B}.Debug|x86.ActiveCfg = Debug|Win32
		{C443F812-1A82-4FB5-ADEC-7676C928317B}.Debug|x86.Build.0 = Debug|Win32
		{C443F812-1A82-4FB5-ADEC-7676C928317B}.Release|x64.ActiveCfg = Release|x64
		{C443F812-1A82-4FB5-ADEC-7676C928317B}.Release|x64.Build.0 = Release|x64
		{C443F812-1A82-4FB5-ADEC-7676C928317B}.Release|x86.ActiveCfg = Release|Win32
		{C443F812-1A82-4FB5-ADEC-7676C928317B}.Release|x86.Build.0 = Release|Win32
		{07F4AEF4-E1F6-4DA2-BD92-355F2EF0D507}.Debug|x64.ActiveCfg = Debug|x64
		{07F4AEF4-E1F6-4DA2-BD92-355F2EF0D507}.Debug|x64.Build.0 = Debug|x64
		{07F4AEF4-E1F6-4DA2-BD92-355F2EF0D507}.Debug|x86.ActiveCfg = Debug|Win32
		{07F4AEF4-E1F6-4DA2-BD92-355F2EF0D507}.Debug|x86.Build.0 = Debug|Win32
		{07F4AEF4-E1F6-4DA2-BD92-355F2EF0D507}.Release|x64.ActiveCfg = Release|x64
		{07F4AEF4-E1F6-4DA2-BD92-355F2EF0D507}.Release|x64.Build.0 = Release|x64
		{07F4AEF4-E1F6-4DA2-BD92-355F2EF0D507}.Release|x86.ActiveCfg = Release|Win32
		{07F4AEF4-E1F6-4DA2-BD92-355F2EF0D507}.Release|x86.Build.0 = Release|Win32
		{A8FEA3C5-E23F-447B-BE4F-457A702691D1}.Debug|x64.ActiveCfg = Debug|x64
		{A8FEA3C5-E23F-447B-BE4F-457A702691D1}.Debug|x64.Build.0 = Debug|x64
		{A8FEA3C5-E23F-447B-BE4F-457A702691D1}.Debug|x86.ActiveCfg = Debug|Win32
		{A8FEA3C5-E23F-447B-BE4F-457A702691D1}.Debug|x86.Build.0 = Debug|Win32
		{A8FEA3C5-E23F-447B-BE4F-457A702691D1}.Release|x64.ActiveCfg = Release|x64
		{A8FEA3C5-E23F-447B-BE4F-457A702691D1}.Release|x64.Build.0 = Release|x64
		{A8FEA3C5-E23F-447B-BE4F-457A702691D1}.Release|x86.ActiveCfg = Release|Win32
		{A8FEA3C5-E23F-447B-BE4F-457A702691D1}.Release|x86.Build.0 = Release|Win32
		{5E46827D-3900-4339-AE37-7E0FA7B918CC}.Debug|x64.ActiveCfg = Debug|x64
		{5E46827D-3900-4339-AE37-7E0FA7B918CC}.Debug|x64.Build.0 = Debug|x64
		{5E46827D-3900-4339-AE37-7E0FA7B918CC}.Debug|x86.ActiveCfg = Debug|Win32
		{5E46827D-3900-4339-AE37-7E0FA7B918CC}.Debug|x86.Build.0 = Debug|Win32
		{5E46827D-3900-4339-AE37-7E0FA7B918CC}.Release|x64.ActiveCfg = Release|x64
		{5E46827D-3900-4339-AE37-7E0FA7B918CC}.Release|x64.Build.0 = Release|x64
		{5E46827D-3900-4339-AE37-7E0FA7B918CC}.Release|x86.ActiveCfg = Release|Win32
		{5E46827D-3900-4339-AE37-7E0FA7B918CC}.Release|x86.Build.0 = Release|Win32
		{C0F2EADF-FD55-4F79-8E13-7676775A93B7}.Debug|x64.ActiveCfg = Debug|x64
		{C0F2EADF-FD55-4F79-8E13-7676775A93B7}.Debug|x64.Build.0 = Debug|x64
		{C0F2EADF-FD55-4F79-8E13-7676775A93B7}.Debug|x86.ActiveCfg = Debug|Win32
		{C0F2EADF-FD55-4F79-8E13-7676775A93B7}.Debug|x86.Build.0 = Debug|Win32
		{C0F2EADF-FD55-4F79-8E13-7676775A93B7}.Release|x64.ActiveCfg = Release|x64
		{C0F2EADF-FD55-4F79-8E13-7676775A93B7}.Release|x64.Build.0 = Release|x64
		{C0F2EADF-FD55-4F79-8E13-7676775A93B7}.Release|x86.ActiveCfg = Release|Win32
		{C0F2EADF-FD55-4F79-8E13-7676775A93B7}.Release|x86.Build.0 = Release|Win32
		{A0F9FC9A-01BB-4514-AC46-ECE4BEFCE037}.Debug|x64.ActiveCfg = Debug|x64
		{A0F9FC9A-01BB-4514-AC46-ECE4BEFCE037}.Debug|x64.Build.0 = Debug|x64
		{A0F9FC9A-01BB-4514-AC46-ECE4BEFCE037}.Debug|x86.ActiveCfg = Debug|Win32
		{A0F9FC9A-01BB-4514-AC46-ECE4BEFCE037}.Debug|x86.Build.0 = Debug|Win32
		{A0F9FC9A-01BB-4514-AC46-ECE4BEFCE037}.Release|x64.ActiveCfg = Release|x64
		{A0F9FC9A-01BB-4514-AC46-ECE4BEFCE037}.Release|x64.Build.0 = Release|x64
		{A0F9FC9A-01BB-4514-AC46-ECE4BEFCE037}.Release|x86.ActiveCfg = Release|Win32
		{A0F9FC9A-01BB-4514-AC46-ECE4BEFCE037}.Release|x86.Build.0 = Release|Win32
		{266D1407-88B9-4346-92B4-B975AEB77281}.Debug|x64.ActiveCfg = Debug|x64
		{266D1407-88B9-4346-92B4-B975AEB77281}.Debug|x64.Build.0 = Debug|x64
		{266D1407-88B9-4346-92B4-B975AEB77281}.Debug|x86.ActiveCfg = Debug|Win32
		{266D1407-88B9-4346-92B4-B975AEB77281}.Debug|x86.Build.0 = Debug|Win32
		{266D1407-88B9-4346-92B4-B975AEB77281}.Release|x64.ActiveCfg = Release|x64
		{266D1407-88B9-4346-92B4-B975AEB77281}.Release|x64.Build.0 = Release|x64
		{266D1407-88B9-4346-92B4-B975AEB77281}.Release|x86.ActiveCfg = Release|Win32
		{266D1407-88B9-4346-92B4-B975AEB77281}.Release|x86.Build.0 = Release|Win32
		{0926E039-1A3A-4770-8AF7-E6515C14E845}.Debug|x64.ActiveCfg = Debug|x64
		{0926E039-1A3A-4770-8AF7-E6515C14E845}.Debug|x64.Build.0 = Debug|x64
		{0926E039-1A3A-4770-8AF7-E6515C14E845}.Debug|x86.ActiveCfg = Debug|Win32
		{0926E039-1A3A-4770-8AF7-E6515C14E845}.Debug|x86.Build.0 = Debug|Win32
		{0926E039-1A3A-4770-8AF7-E6515C14E845}.Release|x64.ActiveCfg = Release|x64
		{0926E039-1A3A-4770-8AF7-E6515C14E845}.Release|x64.Build.0 = Release|x64
		{0926E039-1A3A-4770-8AF7-E6515C14E845}.Release|x86.ActiveCfg = Release|Win32
		{0926E039-1A3A-4770-8AF7-E6515C14E845}.Release|x86.Build.0 = Release|Win32
	EndGlobalSection
	GlobalSection(SolutionProperties) = preSolution
		HideSolutionNode = FALSE
	EndGlobalSection
	GlobalSection(ExtensibilityGlobals) = postSolution
		SolutionGuid = {554E76F9-808F-42EA-8E91-C5A7F1FD162A}
	EndGlobalSection
EndGlobal
